// !$*UTF8*$!
{
	archiveVersion = 1;
	classes = {
	};
	objectVersion = 46;
	objects = {

/* Begin PBXBuildFile section */
		27D940741E5E20F900021658 /* AppDelegate.swift in Sources */ = {isa = PBXBuildFile; fileRef = 27D940731E5E20F900021658 /* AppDelegate.swift */; };
		27D940761E5E20F900021658 /* ViewController.swift in Sources */ = {isa = PBXBuildFile; fileRef = 27D940751E5E20F900021658 /* ViewController.swift */; };
		27D940791E5E20F900021658 /* Main.storyboard in Resources */ = {isa = PBXBuildFile; fileRef = 27D940771E5E20F900021658 /* Main.storyboard */; };
		27D9407B1E5E20F900021658 /* Assets.xcassets in Resources */ = {isa = PBXBuildFile; fileRef = 27D9407A1E5E20F900021658 /* Assets.xcassets */; };
		27D9407E1E5E20F900021658 /* LaunchScreen.storyboard in Resources */ = {isa = PBXBuildFile; fileRef = 27D9407C1E5E20F900021658 /* LaunchScreen.storyboard */; };
/* End PBXBuildFile section */

/* Begin PBXFileReference section */
		27D940701E5E20F900021658 /* StackadaStack.app */ = {isa = PBXFileReference; explicitFileType = wrapper.application; includeInIndex = 0; path = StackadaStack.app; sourceTree = BUILT_PRODUCTS_DIR; };
		27D940731E5E20F900021658 /* AppDelegate.swift */ = {isa = PBXFileReference; lastKnownFileType = sourcecode.swift; path = AppDelegate.swift; sourceTree = "<group>"; };
		27D940751E5E20F900021658 /* ViewController.swift */ = {isa = PBXFileReference; lastKnownFileType = sourcecode.swift; path = ViewController.swift; sourceTree = "<group>"; };
		27D940781E5E20F900021658 /* Base */ = {isa = PBXFileReference; lastKnownFileType = file.storyboard; name = Base; path = Base.lproj/Main.storyboard; sourceTree = "<group>"; };
		27D9407A1E5E20F900021658 /* Assets.xcassets */ = {isa = PBXFileReference; lastKnownFileType = folder.assetcatalog; path = Assets.xcassets; sourceTree = "<group>"; };
		27D9407D1E5E20F900021658 /* Base */ = {isa = PBXFileReference; lastKnownFileType = file.storyboard; name = Base; path = Base.lproj/LaunchScreen.storyboard; sourceTree = "<group>"; };
		27D9407F1E5E20F900021658 /* Info.plist */ = {isa = PBXFileReference; lastKnownFileType = text.plist.xml; path = Info.plist; sourceTree = "<group>"; };
/* End PBXFileReference section */

/* Begin PBXFrameworksBuildPhase section */
		27D9406D1E5E20F900021658 /* Frameworks */ = {
			isa = PBXFrameworksBuildPhase;
			buildActionMask = 2147483647;
			files = (
			);
			runOnlyForDeploymentPostprocessing = 0;
		};
/* End PBXFrameworksBuildPhase section */

/* Begin PBXGroup section */
		27D940671E5E20F900021658 = {
			isa = PBXGroup;
			children = (
				27D940721E5E20F900021658 /* StackadaStack */,
				27D940711E5E20F900021658 /* Products */,
			);
			sourceTree = "<group>";
		};
		27D940711E5E20F900021658 /* Products */ = {
			isa = PBXGroup;
			children = (
				27D940701E5E20F900021658 /* StackadaStack.app */,
			);
			name = Products;
			sourceTree = "<group>";
		};
		27D940721E5E20F900021658 /* StackadaStack */ = {
			isa = PBXGroup;
			children = (
				27D940731E5E20F900021658 /* AppDelegate.swift */,
				27D940751E5E20F900021658 /* ViewController.swift */,
				27D940771E5E20F900021658 /* Main.storyboard */,
				27D9407A1E5E20F900021658 /* Assets.xcassets */,
				27D9407C1E5E20F900021658 /* LaunchScreen.storyboard */,
				27D9407F1E5E20F900021658 /* Info.plist */,
			);
			path = StackadaStack;
			sourceTree = "<group>";
		};
/* End PBXGroup section */

/* Begin PBXNativeTarget section */
		27D9406F1E5E20F900021658 /* StackadaStack */ = {
			isa = PBXNativeTarget;
			buildConfigurationList = 27D940821E5E20F900021658 /* Build configuration list for PBXNativeTarget "StackadaStack" */;
			buildPhases = (
				27D9406C1E5E20F900021658 /* Sources */,
				27D9406D1E5E20F900021658 /* Frameworks */,
				27D9406E1E5E20F900021658 /* Resources */,
			);
			buildRules = (
			);
			dependencies = (
			);
			name = StackadaStack;
			productName = StackadaStack;
			productReference = 27D940701E5E20F900021658 /* StackadaStack.app */;
			productType = "com.apple.product-type.application";
		};
/* End PBXNativeTarget section */

/* Begin PBXProject section */
		27D940681E5E20F900021658 /* Project object */ = {
			isa = PBXProject;
			attributes = {
				LastSwiftUpdateCheck = 0820;
				LastUpgradeCheck = 0820;
				ORGANIZATIONNAME = "Josh Parry";
				TargetAttributes = {
					27D9406F1E5E20F900021658 = {
						CreatedOnToolsVersion = 8.2.1;
						ProvisioningStyle = Automatic;
					};
				};
			};
			buildConfigurationList = 27D9406B1E5E20F900021658 /* Build configuration list for PBXProject "StackadaStack" */;
			compatibilityVersion = "Xcode 3.2";
			developmentRegion = English;
			hasScannedForEncodings = 0;
			knownRegions = (
				en,
				Base,
			);
			mainGroup = 27D940671E5E20F900021658;
			productRefGroup = 27D940711E5E20F900021658 /* Products */;
			projectDirPath = "";
			projectRoot = "";
			targets = (
				27D9406F1E5E20F900021658 /* StackadaStack */,
			);
		};
/* End PBXProject section */

/* Begin PBXResourcesBuildPhase section */
		27D9406E1E5E20F900021658 /* Resources */ = {
			isa = PBXResourcesBuildPhase;
			buildActionMask = 2147483647;
			files = (
				27D9407E1E5E20F900021658 /* LaunchScreen.storyboard in Resources */,
				27D9407B1E5E20F900021658 /* Assets.xcassets in Resources */,
				27D940791E5E20F900021658 /* Main.storyboard in Resources */,
			);
			runOnlyForDeploymentPostprocessing = 0;
		};
/* End PBXResourcesBuildPhase section */

/* Begin PBXSourcesBuildPhase section */
		27D9406C1E5E20F900021658 /* Sources */ = {
			isa = PBXSourcesBuildPhase;
			buildActionMask = 2147483647;
			files = (
				27D940761E5E20F900021658 /* ViewController.swift in Sources */,
				27D940741E5E20F900021658 /* AppDelegate.swift in Sources */,
			);
			runOnlyForDeploymentPostprocessing = 0;
		};
/* End PBXSourcesBuildPhase section */

/* Begin PBXVariantGroup section */
		27D940771E5E20F900021658 /* Main.storyboard */ = {
			isa = PBXVariantGroup;
			children = (
				27D940781E5E20F900021658 /* Base */,
			);
			name = Main.storyboard;
			sourceTree = "<group>";
		};
		27D9407C1E5E20F900021658 /* LaunchScreen.storyboard */ = {
			isa = PBXVariantGroup;
			children = (
				27D9407D1E5E20F900021658 /* Base */,
			);
			name = LaunchScreen.storyboard;
			sourceTree = "<group>";
		};
/* End PBXVariantGroup section */

/* Begin XCBuildConfiguration section */
		27D940801E5E20F900021658 /* Debug */ = {
			isa = XCBuildConfiguration;
			buildSettings = {
				ALWAYS_SEARCH_USER_PATHS = NO;
				CLANG_ANALYZER_NONNULL = YES;
				CLANG_CXX_LANGUAGE_STANDARD = "gnu++0x";
				CLANG_CXX_LIBRARY = "libc++";
				CLANG_ENABLE_MODULES = YES;
				CLANG_ENABLE_OBJC_ARC = YES;
				CLANG_WARN_BOOL_CONVERSION = YES;
				CLANG_WARN_CONSTANT_CONVERSION = YES;
				CLANG_WARN_DIRECT_OBJC_ISA_USAGE = YES_ERROR;
				CLANG_WARN_DOCUMENTATION_COMMENTS = YES;
				CLANG_WARN_EMPTY_BODY = YES;
				CLANG_WARN_ENUM_CONVERSION = YES;
				CLANG_WARN_INFINITE_RECURSION = YES;
				CLANG_WARN_INT_CONVERSION = YES;
				CLANG_WARN_OBJC_ROOT_CLASS = YES_ERROR;
				CLANG_WARN_SUSPICIOUS_MOVE = YES;
				CLANG_WARN_UNREACHABLE_CODE = YES;
				CLANG_WARN__DUPLICATE_METHOD_MATCH = YES;
				"CODE_SIGN_IDENTITY[sdk=iphoneos*]" = "iPhone Developer";
				COPY_PHASE_STRIP = NO;
				DEBUG_INFORMATION_FORMAT = dwarf;
				ENABLE_STRICT_OBJC_MSGSEND = YES;
				ENABLE_TESTABILITY = YES;
				GCC_C_LANGUAGE_STANDARD = gnu99;
				GCC_DYNAMIC_NO_PIC = NO;
				GCC_NO_COMMON_BLOCKS = YES;
				GCC_OPTIMIZATION_LEVEL = 0;
				GCC_PREPROCESSOR_DEFINITIONS = (
					"DEBUG=1",
					"$(inherited)",
				);
				GCC_WARN_64_TO_32_BIT_CONVERSION = YES;
				GCC_WARN_ABOUT_RETURN_TYPE = YES_ERROR;
				GCC_WARN_UNDECLARED_SELECTOR = YES;
				GCC_WARN_UNINITIALIZED_AUTOS = YES_AGGRESSIVE;
				GCC_WARN_UNUSED_FUNCTION = YES;
				GCC_WARN_UNUSED_VARIABLE = YES;
				IPHONEOS_DEPLOYMENT_TARGET = 10.2;
				MTL_ENABLE_DEBUG_INFO = YES;
				ONLY_ACTIVE_ARCH = YES;
				SDKROOT = iphoneos;
				SWIFT_ACTIVE_COMPILATION_CONDITIONS = DEBUG;
				SWIFT_OPTIMIZATION_LEVEL = "-Onone";
				TARGETED_DEVICE_FAMILY = "1,2";
			};
			name = Debug;
		};
		27D940811E5E20F900021658 /* Release */ = {
			isa = XCBuildConfiguration;
			buildSettings = {
				ALWAYS_SEARCH_USER_PATHS = NO;
				CLANG_ANALYZER_NONNULL = YES;
				CLANG_CXX_LANGUAGE_STANDARD = "gnu++0x";
				CLANG_CXX_LIBRARY = "libc++";
				CLANG_ENABLE_MODULES = YES;
				CLANG_ENABLE_OBJC_ARC = YES;
				CLANG_WARN_BOOL_CONVERSION = YES;
				CLANG_WARN_CONSTANT_CONVERSION = YES;
				CLANG_WARN_DIRECT_OBJC_ISA_USAGE = YES_ERROR;
				CLANG_WARN_DOCUMENTATION_COMMENTS = YES;
				CLANG_WARN_EMPTY_BODY = YES;
				CLANG_WARN_ENUM_CONVERSION = YES;
				CLANG_WARN_INFINITE_RECURSION = YES;
				CLANG_WARN_INT_CONVERSION = YES;
				CLANG_WARN_OBJC_ROOT_CLASS = YES_ERROR;
				CLANG_WARN_SUSPICIOUS_MOVE = YES;
				CLANG_WARN_UNREACHABLE_CODE = YES;
				CLANG_WARN__DUPLICATE_METHOD_MATCH = YES;
				"CODE_SIGN_IDENTITY[sdk=iphoneos*]" = "iPhone Developer";
				COPY_PHASE_STRIP = NO;
				DEBUG_INFORMATION_FORMAT = "dwarf-with-dsym";
				ENABLE_NS_ASSERTIONS = NO;
				ENABLE_STRICT_OBJC_MSGSEND = YES;
				GCC_C_LANGUAGE_STANDARD = gnu99;
				GCC_NO_COMMON_BLOCKS = YES;
				GCC_WARN_64_TO_32_BIT_CONVERSION = YES;
				GCC_WARN_ABOUT_RETURN_TYPE = YES_ERROR;
				GCC_WARN_UNDECLARED_SELECTOR = YES;
				GCC_WARN_UNINITIALIZED_AUTOS = YES_AGGRESSIVE;
				GCC_WARN_UNUSED_FUNCTION = YES;
				GCC_WARN_UNUSED_VARIABLE = YES;
				IPHONEOS_DEPLOYMENT_TARGET = 10.2;
				MTL_ENABLE_DEBUG_INFO = NO;
				SDKROOT = iphoneos;
				SWIFT_OPTIMIZATION_LEVEL = "-Owholemodule";
				TARGETED_DEVICE_FAMILY = "1,2";
				VALIDATE_PRODUCT = YES;
			};
			name = Release;
		};
		27D940831E5E20F900021658 /* Debug */ = {
			isa = XCBuildConfiguration;
			buildSettings = {
				ASSETCATALOG_COMPILER_APPICON_NAME = AppIcon;
				INFOPLIST_FILE = StackadaStack/Info.plist;
				LD_RUNPATH_SEARCH_PATHS = "$(inherited) @executable_path/Frameworks";
				PRODUCT_BUNDLE_IDENTIFIER = com.JoshParry.StackadaStack;
				PRODUCT_NAME = "$(TARGET_NAME)";
				SWIFT_VERSION = 3.0;
			};
			name = Debug;
		};
		27D940841E5E20F900021658 /* Release */ = {
			isa = XCBuildConfiguration;
			buildSettings = {
				ASSETCATALOG_COMPILER_APPICON_NAME = AppIcon;
				INFOPLIST_FILE = StackadaStack/Info.plist;
				LD_RUNPATH_SEARCH_PATHS = "$(inherited) @executable_path/Frameworks";
				PRODUCT_BUNDLE_IDENTIFIER = com.JoshParry.StackadaStack;
				PRODUCT_NAME = "$(TARGET_NAME)";
				SWIFT_VERSION = 3.0;
			};
			name = Release;
		};
/* End XCBuildConfiguration section */

/* Begin XCConfigurationList section */
		27D9406B1E5E20F900021658 /* Build configuration list for PBXProject "StackadaStack" */ = {
			isa = XCConfigurationList;
			buildConfigurations = (
				27D940801E5E20F900021658 /* Debug */,
				27D940811E5E20F900021658 /* Release */,
			);
			defaultConfigurationIsVisible = 0;
			defaultConfigurationName = Release;
		};
		27D940821E5E20F900021658 /* Build configuration list for PBXNativeTarget "StackadaStack" */ = {
			isa = XCConfigurationList;
			buildConfigurations = (
				27D940831E5E20F900021658 /* Debug */,
				27D940841E5E20F900021658 /* Release */,
			);
			defaultConfigurationIsVisible = 0;
		};
/* End XCConfigurationList section */
	};
	rootObject = 27D940681E5E20F900021658 /* Project object */;
}
